
Microsoft Visual Studio Solution File, Format Version 12.00
# Visual Studio 2013
VisualStudioVersion = 12.0.21005.1
MinimumVisualStudioVersion = 10.0.40219.1
Project("{FAE04EC0-301F-11D3-BF4B-00C04F79EFBC}") = "MarketoImport", "MarketoImport\MarketoImport.csproj", "{02ED55FE-DF4D-4C0A-8EB2-7D7AB73BA4CC}"
EndProject
Project("{FAE04EC0-301F-11D3-BF4B-00C04F79EFBC}") = "SalesForceImport", "..\SalesForceImport\SalesForceImport\SalesForceImport.csproj", "{27F6552F-5805-4168-8F69-DB6F81C8EFE8}"
EndProject
Project("{FAE04EC0-301F-11D3-BF4B-00C04F79EFBC}") = "AdWordsImport", "..\AdWordsImport\AdWordsImport\AdWordsImport.csproj", "{C59A2BCA-0C1B-491D-A0EF-9E7DB03F59D5}"
EndProject
Global
	GlobalSection(SolutionConfigurationPlatforms) = preSolution
		Debug|Any CPU = Debug|Any CPU
		Release|Any CPU = Release|Any CPU
	EndGlobalSection
	GlobalSection(ProjectConfigurationPlatforms) = postSolution
		{02ED55FE-DF4D-4C0A-8EB2-7D7AB73BA4CC}.Debug|Any CPU.ActiveCfg = Debug|Any CPU
		{02ED55FE-DF4D-4C0A-8EB2-7D7AB73BA4CC}.Debug|Any CPU.Build.0 = Debug|Any CPU
		{02ED55FE-DF4D-4C0A-8EB2-7D7AB73BA4CC}.Release|Any CPU.ActiveCfg = Release|Any CPU
		{02ED55FE-DF4D-4C0A-8EB2-7D7AB73BA4CC}.Release|Any CPU.Build.0 = Release|Any CPU
		{27F6552F-5805-4168-8F69-DB6F81C8EFE8}.Debug|Any CPU.ActiveCfg = Debug|Any CPU
		{27F6552F-5805-4168-8F69-DB6F81C8EFE8}.Debug|Any CPU.Build.0 = Debug|Any CPU
		{27F6552F-5805-4168-8F69-DB6F81C8EFE8}.Release|Any CPU.ActiveCfg = Release|Any CPU
		{27F6552F-5805-4168-8F69-DB6F81C8EFE8}.Release|Any CPU.Build.0 = Release|Any CPU
		{C59A2BCA-0C1B-491D-A0EF-9E7DB03F59D5}.Debug|Any CPU.ActiveCfg = Debug|Any CPU
		{C59A2BCA-0C1B-491D-A0EF-9E7DB03F59D5}.Debug|Any CPU.Build.0 = Debug|Any CPU
		{C59A2BCA-0C1B-491D-A0EF-9E7DB03F59D5}.Release|Any CPU.ActiveCfg = Release|Any CPU
		{C59A2BCA-0C1B-491D-A0EF-9E7DB03F59D5}.Release|Any CPU.Build.0 = Release|Any CPU
	EndGlobalSection
	GlobalSection(SolutionProperties) = preSolution
		HideSolutionNode = FALSE
	EndGlobalSection
EndGlobal
